
Microsoft Visual Studio Solution File, Format Version 12.00
# Visual Studio Version 17
VisualStudioVersion = 17.3.32804.467
MinimumVisualStudioVersion = 10.0.40219.1
Project("{FAE04EC0-301F-11D3-BF4B-00C04F79EFBC}") = "CustomerDatalayer", "src\CustomerDatalayer\CustomerDatalayer.csproj", "{94E41046-4B8F-4F44-8201-8689C253BC6B}"
EndProject
Project("{2150E333-8FDC-42A3-9474-1A3956D46DE8}") = "src", "src", "{7AF58B81-D35C-48E6-BDCA-1CE9BAD0B70F}"
EndProject
Project("{2150E333-8FDC-42A3-9474-1A3956D46DE8}") = "tests", "tests", "{17D65393-45A4-45FB-95B6-D261D318B5B0}"
EndProject
Project("{FAE04EC0-301F-11D3-BF4B-00C04F79EFBC}") = "CustomerDatalayer.Tests", "tests\CustomerDatalayer.Tests\CustomerDatalayer.Tests.csproj", "{C1F53FAB-154D-49EC-8DE1-7871B84D4BFA}"
EndProject
Global
	GlobalSection(SolutionConfigurationPlatforms) = preSolution
		Debug|Any CPU = Debug|Any CPU
		Release|Any CPU = Release|Any CPU
	EndGlobalSection
	GlobalSection(ProjectConfigurationPlatforms) = postSolution
		{94E41046-4B8F-4F44-8201-8689C253BC6B}.Debug|Any CPU.ActiveCfg = Debug|Any CPU
		{94E41046-4B8F-4F44-8201-8689C253BC6B}.Debug|Any CPU.Build.0 = Debug|Any CPU
		{94E41046-4B8F-4F44-8201-8689C253BC6B}.Release|Any CPU.ActiveCfg = Release|Any CPU
		{94E41046-4B8F-4F44-8201-8689C253BC6B}.Release|Any CPU.Build.0 = Release|Any CPU
		{C1F53FAB-154D-49EC-8DE1-7871B84D4BFA}.Debug|Any CPU.ActiveCfg = Debug|Any CPU
		{C1F53FAB-154D-49EC-8DE1-7871B84D4BFA}.Debug|Any CPU.Build.0 = Debug|Any CPU
		{C1F53FAB-154D-49EC-8DE1-7871B84D4BFA}.Release|Any CPU.ActiveCfg = Release|Any CPU
		{C1F53FAB-154D-49EC-8DE1-7871B84D4BFA}.Release|Any CPU.Build.0 = Release|Any CPU
	EndGlobalSection
	GlobalSection(SolutionProperties) = preSolution
		HideSolutionNode = FALSE
	EndGlobalSection
	GlobalSection(NestedProjects) = preSolution
		{94E41046-4B8F-4F44-8201-8689C253BC6B} = {7AF58B81-D35C-48E6-BDCA-1CE9BAD0B70F}
		{C1F53FAB-154D-49EC-8DE1-7871B84D4BFA} = {17D65393-45A4-45FB-95B6-D261D318B5B0}
	EndGlobalSection
	GlobalSection(ExtensibilityGlobals) = postSolution
		SolutionGuid = {F76CF65E-54E6-468A-AAF0-F87C87E6FD95}
	EndGlobalSection
EndGlobal
